
Microsoft Visual Studio Solution File, Format Version 12.00
Project("{FAE04EC0-301F-11D3-BF4B-00C04F79EFBC}") = "CartService.Api", "CartService.Api\CartService.Api.csproj", "{FF957F7B-A19B-4F73-887C-894DBEC219F8}"
EndProject
Project("{FAE04EC0-301F-11D3-BF4B-00C04F79EFBC}") = "CartService.Domain", "CartService.Domain\CartService.Domain.csproj", "{E41570A7-4AFA-446D-A81C-D8577F83DA33}"
EndProject
Project("{FAE04EC0-301F-11D3-BF4B-00C04F79EFBC}") = "CartService.Application", "CartService.Application\CartService.Application.csproj", "{054108CD-1996-4A7E-833D-6FA68E33DAEE}"
EndProject
Project("{FAE04EC0-301F-11D3-BF4B-00C04F79EFBC}") = "CartService.Infrastructure", "CartService.Infrastructure\CartService.Infrastructure.csproj", "{6B15FDBF-C195-438F-93D4-A915C8AC8255}"
EndProject
Project("{FAE04EC0-301F-11D3-BF4B-00C04F79EFBC}") = "CartService.UnitTests", "CartService.UnitTests\CartService.UnitTests.csproj", "{4C36D2B0-0FD2-4E62-90B5-517CDF035455}"
EndProject
Global
	GlobalSection(SolutionConfigurationPlatforms) = preSolution
		Debug|Any CPU = Debug|Any CPU
		Release|Any CPU = Release|Any CPU
	EndGlobalSection
	GlobalSection(ProjectConfigurationPlatforms) = postSolution
		{FF957F7B-A19B-4F73-887C-894DBEC219F8}.Debug|Any CPU.ActiveCfg = Debug|Any CPU
		{FF957F7B-A19B-4F73-887C-894DBEC219F8}.Debug|Any CPU.Build.0 = Debug|Any CPU
		{FF957F7B-A19B-4F73-887C-894DBEC219F8}.Release|Any CPU.ActiveCfg = Release|Any CPU
		{FF957F7B-A19B-4F73-887C-894DBEC219F8}.Release|Any CPU.Build.0 = Release|Any CPU
		{E41570A7-4AFA-446D-A81C-D8577F83DA33}.Debug|Any CPU.ActiveCfg = Debug|Any CPU
		{E41570A7-4AFA-446D-A81C-D8577F83DA33}.Debug|Any CPU.Build.0 = Debug|Any CPU
		{E41570A7-4AFA-446D-A81C-D8577F83DA33}.Release|Any CPU.ActiveCfg = Release|Any CPU
		{E41570A7-4AFA-446D-A81C-D8577F83DA33}.Release|Any CPU.Build.0 = Release|Any CPU
		{054108CD-1996-4A7E-833D-6FA68E33DAEE}.Debug|Any CPU.ActiveCfg = Debug|Any CPU
		{054108CD-1996-4A7E-833D-6FA68E33DAEE}.Debug|Any CPU.Build.0 = Debug|Any CPU
		{054108CD-1996-4A7E-833D-6FA68E33DAEE}.Release|Any CPU.ActiveCfg = Release|Any CPU
		{054108CD-1996-4A7E-833D-6FA68E33DAEE}.Release|Any CPU.Build.0 = Release|Any CPU
		{6B15FDBF-C195-438F-93D4-A915C8AC8255}.Debug|Any CPU.ActiveCfg = Debug|Any CPU
		{6B15FDBF-C195-438F-93D4-A915C8AC8255}.Debug|Any CPU.Build.0 = Debug|Any CPU
		{6B15FDBF-C195-438F-93D4-A915C8AC8255}.Release|Any CPU.ActiveCfg = Release|Any CPU
		{6B15FDBF-C195-438F-93D4-A915C8AC8255}.Release|Any CPU.Build.0 = Release|Any CPU
		{4C36D2B0-0FD2-4E62-90B5-517CDF035455}.Debug|Any CPU.ActiveCfg = Debug|Any CPU
		{4C36D2B0-0FD2-4E62-90B5-517CDF035455}.Debug|Any CPU.Build.0 = Debug|Any CPU
		{4C36D2B0-0FD2-4E62-90B5-517CDF035455}.Release|Any CPU.ActiveCfg = Release|Any CPU
		{4C36D2B0-0FD2-4E62-90B5-517CDF035455}.Release|Any CPU.Build.0 = Release|Any CPU
	EndGlobalSection
EndGlobal
